
Microsoft Visual Studio Solution File, Format Version 12.00
# Visual Studio Version 17
VisualStudioVersion = 17.3.32922.545
MinimumVisualStudioVersion = 10.0.40219.1
Project("{FAE04EC0-301F-11D3-BF4B-00C04F79EFBC}") = "EvaluatioManagerG08", "EvaluatioManagerG08\EvaluatioManagerG08.csproj", "{5DB4FA3F-2063-4020-9B4D-67EEFFA3BD47}"
EndProject
Global
	GlobalSection(SolutionConfigurationPlatforms) = preSolution
		Debug|Any CPU = Debug|Any CPU
		Release|Any CPU = Release|Any CPU
	EndGlobalSection
	GlobalSection(ProjectConfigurationPlatforms) = postSolution
		{5DB4FA3F-2063-4020-9B4D-67EEFFA3BD47}.Debug|Any CPU.ActiveCfg = Debug|Any CPU
		{5DB4FA3F-2063-4020-9B4D-67EEFFA3BD47}.Debug|Any CPU.Build.0 = Debug|Any CPU
		{5DB4FA3F-2063-4020-9B4D-67EEFFA3BD47}.Release|Any CPU.ActiveCfg = Release|Any CPU
		{5DB4FA3F-2063-4020-9B4D-67EEFFA3BD47}.Release|Any CPU.Build.0 = Release|Any CPU
	EndGlobalSection
	GlobalSection(SolutionProperties) = preSolution
		HideSolutionNode = FALSE
	EndGlobalSection
	GlobalSection(ExtensibilityGlobals) = postSolution
		SolutionGuid = {F0A44F31-D35C-4F6E-9D0A-06BB7E43A2A6}
	EndGlobalSection
EndGlobal
